# This file is automatically @generated by Cargo.
# It is not intended for manual editing.
version = 4

[[package]]
name = "nova_cli"
version = "0.0.1"
dependencies = [
 "nova_diag",
 "nova_interp",
 "nova_syntax",
 "nova_types",
]

[[package]]
name = "nova_diag"
version = "0.0.1"

[[package]]
name = "nova_interp"
version = "0.0.1"
dependencies = [
 "nova_diag",
 "nova_syntax",
 "nova_types",
]

[[package]]
name = "nova_syntax"
version = "0.0.1"
dependencies = [
 "nova_diag",
]

[[package]]
name = "nova_types"
version = "0.0.1"
dependencies = [
 "nova_diag",
 "nova_syntax",
]
